// !$*UTF8*$!
{
	archiveVersion = 1;
	classes = {
	};
	objectVersion = 50;
	objects = {

/* Begin PBXBuildFile section */
		5051734124A1487C004F068B /* RegisterNewUserViewController.swift in Sources */ = {isa = PBXBuildFile; fileRef = 5051734024A1487C004F068B /* RegisterNewUserViewController.swift */; };
		5051734324A148F9004F068B /* SignInViewController.swift in Sources */ = {isa = PBXBuildFile; fileRef = 5051734224A148F8004F068B /* SignInViewController.swift */; };
		7F6B076D24A17A8B00975947 /* NetworkDataLoader.swift in Sources */ = {isa = PBXBuildFile; fileRef = 7F6B076C24A17A8B00975947 /* NetworkDataLoader.swift */; };
		7F6B076F24A17AA000975947 /* URLSession.swift in Sources */ = {isa = PBXBuildFile; fileRef = 7F6B076E24A17AA000975947 /* URLSession.swift */; };
		7F92789B24A1113700E22D33 /* AppDelegate.swift in Sources */ = {isa = PBXBuildFile; fileRef = 7F92789A24A1113700E22D33 /* AppDelegate.swift */; };
		7F92789D24A1113700E22D33 /* SceneDelegate.swift in Sources */ = {isa = PBXBuildFile; fileRef = 7F92789C24A1113700E22D33 /* SceneDelegate.swift */; };
		7F9278A224A1113800E22D33 /* Main.storyboard in Resources */ = {isa = PBXBuildFile; fileRef = 7F9278A024A1113800E22D33 /* Main.storyboard */; };
		7F9278A524A1113800E22D33 /* WMP34.xcdatamodeld in Sources */ = {isa = PBXBuildFile; fileRef = 7F9278A324A1113800E22D33 /* WMP34.xcdatamodeld */; };
		7F9278A724A1113800E22D33 /* Assets.xcassets in Resources */ = {isa = PBXBuildFile; fileRef = 7F9278A624A1113800E22D33 /* Assets.xcassets */; };
		7F9278AA24A1113800E22D33 /* LaunchScreen.storyboard in Resources */ = {isa = PBXBuildFile; fileRef = 7F9278A824A1113800E22D33 /* LaunchScreen.storyboard */; };
		7F9278B524A1113800E22D33 /* WMP34Tests.swift in Sources */ = {isa = PBXBuildFile; fileRef = 7F9278B424A1113800E22D33 /* WMP34Tests.swift */; };
		7F9278C024A1113800E22D33 /* WMP34UITests.swift in Sources */ = {isa = PBXBuildFile; fileRef = 7F9278BF24A1113800E22D33 /* WMP34UITests.swift */; };
		C4BF41E824A132E20070FCE9 /* MyPlantsTableView.storyboard in Resources */ = {isa = PBXBuildFile; fileRef = C4BF41E724A132E20070FCE9 /* MyPlantsTableView.storyboard */; };
		C4BF41EF24A145D60070FCE9 /* TestingViewController.swift in Sources */ = {isa = PBXBuildFile; fileRef = C4BF41EE24A145D60070FCE9 /* TestingViewController.swift */; };
		C4BF41F224A146860070FCE9 /* MyPlantCollectionViewCell.swift in Sources */ = {isa = PBXBuildFile; fileRef = C4BF41F124A146860070FCE9 /* MyPlantCollectionViewCell.swift */; };
/* End PBXBuildFile section */

/* Begin PBXContainerItemProxy section */
		7F9278B124A1113800E22D33 /* PBXContainerItemProxy */ = {
			isa = PBXContainerItemProxy;
			containerPortal = 7F92788F24A1113700E22D33 /* Project object */;
			proxyType = 1;
			remoteGlobalIDString = 7F92789624A1113700E22D33;
			remoteInfo = WMP34;
		};
		7F9278BC24A1113800E22D33 /* PBXContainerItemProxy */ = {
			isa = PBXContainerItemProxy;
			containerPortal = 7F92788F24A1113700E22D33 /* Project object */;
			proxyType = 1;
			remoteGlobalIDString = 7F92789624A1113700E22D33;
			remoteInfo = WMP34;
		};
/* End PBXContainerItemProxy section */

/* Begin PBXFileReference section */
		5051734024A1487C004F068B /* RegisterNewUserViewController.swift */ = {isa = PBXFileReference; lastKnownFileType = sourcecode.swift; path = RegisterNewUserViewController.swift; sourceTree = "<group>"; };
		5051734224A148F8004F068B /* SignInViewController.swift */ = {isa = PBXFileReference; lastKnownFileType = sourcecode.swift; path = SignInViewController.swift; sourceTree = "<group>"; };
		7F6B076C24A17A8B00975947 /* NetworkDataLoader.swift */ = {isa = PBXFileReference; lastKnownFileType = sourcecode.swift; path = NetworkDataLoader.swift; sourceTree = "<group>"; };
		7F6B076E24A17AA000975947 /* URLSession.swift */ = {isa = PBXFileReference; lastKnownFileType = sourcecode.swift; path = URLSession.swift; sourceTree = "<group>"; };
		7F92789724A1113700E22D33 /* WMP34.app */ = {isa = PBXFileReference; explicitFileType = wrapper.application; includeInIndex = 0; path = WMP34.app; sourceTree = BUILT_PRODUCTS_DIR; };
		7F92789A24A1113700E22D33 /* AppDelegate.swift */ = {isa = PBXFileReference; lastKnownFileType = sourcecode.swift; path = AppDelegate.swift; sourceTree = "<group>"; };
		7F92789C24A1113700E22D33 /* SceneDelegate.swift */ = {isa = PBXFileReference; lastKnownFileType = sourcecode.swift; path = SceneDelegate.swift; sourceTree = "<group>"; };
		7F9278A124A1113800E22D33 /* Base */ = {isa = PBXFileReference; lastKnownFileType = file.storyboard; name = Base; path = Base.lproj/Main.storyboard; sourceTree = "<group>"; };
		7F9278A424A1113800E22D33 /* WMP34.xcdatamodel */ = {isa = PBXFileReference; lastKnownFileType = wrapper.xcdatamodel; path = WMP34.xcdatamodel; sourceTree = "<group>"; };
		7F9278A624A1113800E22D33 /* Assets.xcassets */ = {isa = PBXFileReference; lastKnownFileType = folder.assetcatalog; path = Assets.xcassets; sourceTree = "<group>"; };
		7F9278A924A1113800E22D33 /* Base */ = {isa = PBXFileReference; lastKnownFileType = file.storyboard; name = Base; path = Base.lproj/LaunchScreen.storyboard; sourceTree = "<group>"; };
		7F9278AB24A1113800E22D33 /* Info.plist */ = {isa = PBXFileReference; lastKnownFileType = text.plist.xml; path = Info.plist; sourceTree = "<group>"; };
		7F9278B024A1113800E22D33 /* WMP34Tests.xctest */ = {isa = PBXFileReference; explicitFileType = wrapper.cfbundle; includeInIndex = 0; path = WMP34Tests.xctest; sourceTree = BUILT_PRODUCTS_DIR; };
		7F9278B424A1113800E22D33 /* WMP34Tests.swift */ = {isa = PBXFileReference; lastKnownFileType = sourcecode.swift; path = WMP34Tests.swift; sourceTree = "<group>"; };
		7F9278B624A1113800E22D33 /* Info.plist */ = {isa = PBXFileReference; lastKnownFileType = text.plist.xml; path = Info.plist; sourceTree = "<group>"; };
		7F9278BB24A1113800E22D33 /* WMP34UITests.xctest */ = {isa = PBXFileReference; explicitFileType = wrapper.cfbundle; includeInIndex = 0; path = WMP34UITests.xctest; sourceTree = BUILT_PRODUCTS_DIR; };
		7F9278BF24A1113800E22D33 /* WMP34UITests.swift */ = {isa = PBXFileReference; lastKnownFileType = sourcecode.swift; path = WMP34UITests.swift; sourceTree = "<group>"; };
		7F9278C124A1113800E22D33 /* Info.plist */ = {isa = PBXFileReference; lastKnownFileType = text.plist.xml; path = Info.plist; sourceTree = "<group>"; };
		C4BF41E724A132E20070FCE9 /* MyPlantsTableView.storyboard */ = {isa = PBXFileReference; lastKnownFileType = file.storyboard; path = MyPlantsTableView.storyboard; sourceTree = "<group>"; };
		C4BF41EE24A145D60070FCE9 /* TestingViewController.swift */ = {isa = PBXFileReference; lastKnownFileType = sourcecode.swift; path = TestingViewController.swift; sourceTree = "<group>"; };
		C4BF41F124A146860070FCE9 /* MyPlantCollectionViewCell.swift */ = {isa = PBXFileReference; lastKnownFileType = sourcecode.swift; path = MyPlantCollectionViewCell.swift; sourceTree = "<group>"; };
/* End PBXFileReference section */

/* Begin PBXFrameworksBuildPhase section */
		7F92789424A1113700E22D33 /* Frameworks */ = {
			isa = PBXFrameworksBuildPhase;
			buildActionMask = 2147483647;
			files = (
			);
			runOnlyForDeploymentPostprocessing = 0;
		};
		7F9278AD24A1113800E22D33 /* Frameworks */ = {
			isa = PBXFrameworksBuildPhase;
			buildActionMask = 2147483647;
			files = (
			);
			runOnlyForDeploymentPostprocessing = 0;
		};
		7F9278B824A1113800E22D33 /* Frameworks */ = {
			isa = PBXFrameworksBuildPhase;
			buildActionMask = 2147483647;
			files = (
			);
			runOnlyForDeploymentPostprocessing = 0;
		};
/* End PBXFrameworksBuildPhase section */

/* Begin PBXGroup section */
		7F6B076B24A17A7800975947 /* Mocking */ = {
			isa = PBXGroup;
			children = (
				7F6B076C24A17A8B00975947 /* NetworkDataLoader.swift */,
				7F6B076E24A17AA000975947 /* URLSession.swift */,
			);
			name = Mocking;
			sourceTree = "<group>";
		};
		7F92788E24A1113700E22D33 = {
			isa = PBXGroup;
			children = (
				7F92789924A1113700E22D33 /* WMP34 */,
				7F9278B324A1113800E22D33 /* WMP34Tests */,
				7F9278BE24A1113800E22D33 /* WMP34UITests */,
				7F92789824A1113700E22D33 /* Products */,
			);
			sourceTree = "<group>";
		};
		7F92789824A1113700E22D33 /* Products */ = {
			isa = PBXGroup;
			children = (
				7F92789724A1113700E22D33 /* WMP34.app */,
				7F9278B024A1113800E22D33 /* WMP34Tests.xctest */,
				7F9278BB24A1113800E22D33 /* WMP34UITests.xctest */,
			);
			name = Products;
			sourceTree = "<group>";
		};
		7F92789924A1113700E22D33 /* WMP34 */ = {
			isa = PBXGroup;
			children = (
				7F6B076B24A17A7800975947 /* Mocking */,
				C4BF41F324A1468B0070FCE9 /* ViewControllers */,
				C4BF41F024A1466C0070FCE9 /* Cells */,
				C4BF41E624A1320C0070FCE9 /* Storyboards */,
				7F92789A24A1113700E22D33 /* AppDelegate.swift */,
				7F92789C24A1113700E22D33 /* SceneDelegate.swift */,
				7F9278A024A1113800E22D33 /* Main.storyboard */,
				7F9278A624A1113800E22D33 /* Assets.xcassets */,
				7F9278A824A1113800E22D33 /* LaunchScreen.storyboard */,
				7F9278AB24A1113800E22D33 /* Info.plist */,
				7F9278A324A1113800E22D33 /* WMP34.xcdatamodeld */,
				5051734024A1487C004F068B /* RegisterNewUserViewController.swift */,
				5051734224A148F8004F068B /* SignInViewController.swift */,
			);
			path = WMP34;
			sourceTree = "<group>";
		};
		7F9278B324A1113800E22D33 /* WMP34Tests */ = {
			isa = PBXGroup;
			children = (
				7F9278B424A1113800E22D33 /* WMP34Tests.swift */,
				7F9278B624A1113800E22D33 /* Info.plist */,
			);
			path = WMP34Tests;
			sourceTree = "<group>";
		};
		7F9278BE24A1113800E22D33 /* WMP34UITests */ = {
			isa = PBXGroup;
			children = (
				7F9278BF24A1113800E22D33 /* WMP34UITests.swift */,
				7F9278C124A1113800E22D33 /* Info.plist */,
			);
			path = WMP34UITests;
			sourceTree = "<group>";
		};
		C4BF41E624A1320C0070FCE9 /* Storyboards */ = {
			isa = PBXGroup;
			children = (
				C4BF41E724A132E20070FCE9 /* MyPlantsTableView.storyboard */,
			);
			path = Storyboards;
			sourceTree = "<group>";
		};
		C4BF41F024A1466C0070FCE9 /* Cells */ = {
			isa = PBXGroup;
			children = (
				C4BF41F124A146860070FCE9 /* MyPlantCollectionViewCell.swift */,
			);
			path = Cells;
			sourceTree = "<group>";
		};
		C4BF41F324A1468B0070FCE9 /* ViewControllers */ = {
			isa = PBXGroup;
			children = (
				C4BF41EE24A145D60070FCE9 /* TestingViewController.swift */,
			);
			path = ViewControllers;
			sourceTree = "<group>";
		};
/* End PBXGroup section */

/* Begin PBXNativeTarget section */
		7F92789624A1113700E22D33 /* WMP34 */ = {
			isa = PBXNativeTarget;
			buildConfigurationList = 7F9278C424A1113800E22D33 /* Build configuration list for PBXNativeTarget "WMP34" */;
			buildPhases = (
				7F92789324A1113700E22D33 /* Sources */,
				7F92789424A1113700E22D33 /* Frameworks */,
				7F92789524A1113700E22D33 /* Resources */,
			);
			buildRules = (
			);
			dependencies = (
			);
			name = WMP34;
			productName = WMP34;
			productReference = 7F92789724A1113700E22D33 /* WMP34.app */;
			productType = "com.apple.product-type.application";
		};
		7F9278AF24A1113800E22D33 /* WMP34Tests */ = {
			isa = PBXNativeTarget;
			buildConfigurationList = 7F9278C724A1113800E22D33 /* Build configuration list for PBXNativeTarget "WMP34Tests" */;
			buildPhases = (
				7F9278AC24A1113800E22D33 /* Sources */,
				7F9278AD24A1113800E22D33 /* Frameworks */,
				7F9278AE24A1113800E22D33 /* Resources */,
			);
			buildRules = (
			);
			dependencies = (
				7F9278B224A1113800E22D33 /* PBXTargetDependency */,
			);
			name = WMP34Tests;
			productName = WMP34Tests;
			productReference = 7F9278B024A1113800E22D33 /* WMP34Tests.xctest */;
			productType = "com.apple.product-type.bundle.unit-test";
		};
		7F9278BA24A1113800E22D33 /* WMP34UITests */ = {
			isa = PBXNativeTarget;
			buildConfigurationList = 7F9278CA24A1113800E22D33 /* Build configuration list for PBXNativeTarget "WMP34UITests" */;
			buildPhases = (
				7F9278B724A1113800E22D33 /* Sources */,
				7F9278B824A1113800E22D33 /* Frameworks */,
				7F9278B924A1113800E22D33 /* Resources */,
			);
			buildRules = (
			);
			dependencies = (
				7F9278BD24A1113800E22D33 /* PBXTargetDependency */,
			);
			name = WMP34UITests;
			productName = WMP34UITests;
			productReference = 7F9278BB24A1113800E22D33 /* WMP34UITests.xctest */;
			productType = "com.apple.product-type.bundle.ui-testing";
		};
/* End PBXNativeTarget section */

/* Begin PBXProject section */
		7F92788F24A1113700E22D33 /* Project object */ = {
			isa = PBXProject;
			attributes = {
				LastSwiftUpdateCheck = 1150;
				LastUpgradeCheck = 1150;
				ORGANIZATIONNAME = "Casanova Studios";
				TargetAttributes = {
					7F92789624A1113700E22D33 = {
						CreatedOnToolsVersion = 11.5;
					};
					7F9278AF24A1113800E22D33 = {
						CreatedOnToolsVersion = 11.5;
						TestTargetID = 7F92789624A1113700E22D33;
					};
					7F9278BA24A1113800E22D33 = {
						CreatedOnToolsVersion = 11.5;
						TestTargetID = 7F92789624A1113700E22D33;
					};
				};
			};
			buildConfigurationList = 7F92789224A1113700E22D33 /* Build configuration list for PBXProject "WMP34" */;
			compatibilityVersion = "Xcode 9.3";
			developmentRegion = en;
			hasScannedForEncodings = 0;
			knownRegions = (
				en,
				Base,
			);
			mainGroup = 7F92788E24A1113700E22D33;
			productRefGroup = 7F92789824A1113700E22D33 /* Products */;
			projectDirPath = "";
			projectRoot = "";
			targets = (
				7F92789624A1113700E22D33 /* WMP34 */,
				7F9278AF24A1113800E22D33 /* WMP34Tests */,
				7F9278BA24A1113800E22D33 /* WMP34UITests */,
			);
		};
/* End PBXProject section */

/* Begin PBXResourcesBuildPhase section */
		7F92789524A1113700E22D33 /* Resources */ = {
			isa = PBXResourcesBuildPhase;
			buildActionMask = 2147483647;
			files = (
				7F9278AA24A1113800E22D33 /* LaunchScreen.storyboard in Resources */,
				7F9278A724A1113800E22D33 /* Assets.xcassets in Resources */,
				C4BF41E824A132E20070FCE9 /* MyPlantsTableView.storyboard in Resources */,
				7F9278A224A1113800E22D33 /* Main.storyboard in Resources */,
			);
			runOnlyForDeploymentPostprocessing = 0;
		};
		7F9278AE24A1113800E22D33 /* Resources */ = {
			isa = PBXResourcesBuildPhase;
			buildActionMask = 2147483647;
			files = (
			);
			runOnlyForDeploymentPostprocessing = 0;
		};
		7F9278B924A1113800E22D33 /* Resources */ = {
			isa = PBXResourcesBuildPhase;
			buildActionMask = 2147483647;
			files = (
			);
			runOnlyForDeploymentPostprocessing = 0;
		};
/* End PBXResourcesBuildPhase section */

/* Begin PBXSourcesBuildPhase section */
		7F92789324A1113700E22D33 /* Sources */ = {
			isa = PBXSourcesBuildPhase;
			buildActionMask = 2147483647;
			files = (
				5051734124A1487C004F068B /* RegisterNewUserViewController.swift in Sources */,
				7F6B076F24A17AA000975947 /* URLSession.swift in Sources */,
				5051734324A148F9004F068B /* SignInViewController.swift in Sources */,
				7F9278A524A1113800E22D33 /* WMP34.xcdatamodeld in Sources */,
				7F92789B24A1113700E22D33 /* AppDelegate.swift in Sources */,
				7F6B076D24A17A8B00975947 /* NetworkDataLoader.swift in Sources */,
				7F92789D24A1113700E22D33 /* SceneDelegate.swift in Sources */,
				C4BF41F224A146860070FCE9 /* MyPlantCollectionViewCell.swift in Sources */,
				C4BF41EF24A145D60070FCE9 /* TestingViewController.swift in Sources */,
			);
			runOnlyForDeploymentPostprocessing = 0;
		};
		7F9278AC24A1113800E22D33 /* Sources */ = {
			isa = PBXSourcesBuildPhase;
			buildActionMask = 2147483647;
			files = (
				7F9278B524A1113800E22D33 /* WMP34Tests.swift in Sources */,
			);
			runOnlyForDeploymentPostprocessing = 0;
		};
		7F9278B724A1113800E22D33 /* Sources */ = {
			isa = PBXSourcesBuildPhase;
			buildActionMask = 2147483647;
			files = (
				7F9278C024A1113800E22D33 /* WMP34UITests.swift in Sources */,
			);
			runOnlyForDeploymentPostprocessing = 0;
		};
/* End PBXSourcesBuildPhase section */

/* Begin PBXTargetDependency section */
		7F9278B224A1113800E22D33 /* PBXTargetDependency */ = {
			isa = PBXTargetDependency;
			target = 7F92789624A1113700E22D33 /* WMP34 */;
			targetProxy = 7F9278B124A1113800E22D33 /* PBXContainerItemProxy */;
		};
		7F9278BD24A1113800E22D33 /* PBXTargetDependency */ = {
			isa = PBXTargetDependency;
			target = 7F92789624A1113700E22D33 /* WMP34 */;
			targetProxy = 7F9278BC24A1113800E22D33 /* PBXContainerItemProxy */;
		};
/* End PBXTargetDependency section */

/* Begin PBXVariantGroup section */
		7F9278A024A1113800E22D33 /* Main.storyboard */ = {
			isa = PBXVariantGroup;
			children = (
				7F9278A124A1113800E22D33 /* Base */,
			);
			name = Main.storyboard;
			sourceTree = "<group>";
		};
		7F9278A824A1113800E22D33 /* LaunchScreen.storyboard */ = {
			isa = PBXVariantGroup;
			children = (
				7F9278A924A1113800E22D33 /* Base */,
			);
			name = LaunchScreen.storyboard;
			sourceTree = "<group>";
		};
/* End PBXVariantGroup section */

/* Begin XCBuildConfiguration section */
		7F9278C224A1113800E22D33 /* Debug */ = {
			isa = XCBuildConfiguration;
			buildSettings = {
				ALWAYS_SEARCH_USER_PATHS = NO;
				CLANG_ANALYZER_NONNULL = YES;
				CLANG_ANALYZER_NUMBER_OBJECT_CONVERSION = YES_AGGRESSIVE;
				CLANG_CXX_LANGUAGE_STANDARD = "gnu++14";
				CLANG_CXX_LIBRARY = "libc++";
				CLANG_ENABLE_MODULES = YES;
				CLANG_ENABLE_OBJC_ARC = YES;
				CLANG_ENABLE_OBJC_WEAK = YES;
				CLANG_WARN_BLOCK_CAPTURE_AUTORELEASING = YES;
				CLANG_WARN_BOOL_CONVERSION = YES;
				CLANG_WARN_COMMA = YES;
				CLANG_WARN_CONSTANT_CONVERSION = YES;
				CLANG_WARN_DEPRECATED_OBJC_IMPLEMENTATIONS = YES;
				CLANG_WARN_DIRECT_OBJC_ISA_USAGE = YES_ERROR;
				CLANG_WARN_DOCUMENTATION_COMMENTS = YES;
				CLANG_WARN_EMPTY_BODY = YES;
				CLANG_WARN_ENUM_CONVERSION = YES;
				CLANG_WARN_INFINITE_RECURSION = YES;
				CLANG_WARN_INT_CONVERSION = YES;
				CLANG_WARN_NON_LITERAL_NULL_CONVERSION = YES;
				CLANG_WARN_OBJC_IMPLICIT_RETAIN_SELF = YES;
				CLANG_WARN_OBJC_LITERAL_CONVERSION = YES;
				CLANG_WARN_OBJC_ROOT_CLASS = YES_ERROR;
				CLANG_WARN_RANGE_LOOP_ANALYSIS = YES;
				CLANG_WARN_STRICT_PROTOTYPES = YES;
				CLANG_WARN_SUSPICIOUS_MOVE = YES;
				CLANG_WARN_UNGUARDED_AVAILABILITY = YES_AGGRESSIVE;
				CLANG_WARN_UNREACHABLE_CODE = YES;
				CLANG_WARN__DUPLICATE_METHOD_MATCH = YES;
				COPY_PHASE_STRIP = NO;
				DEBUG_INFORMATION_FORMAT = dwarf;
				ENABLE_STRICT_OBJC_MSGSEND = YES;
				ENABLE_TESTABILITY = YES;
				GCC_C_LANGUAGE_STANDARD = gnu11;
				GCC_DYNAMIC_NO_PIC = NO;
				GCC_NO_COMMON_BLOCKS = YES;
				GCC_OPTIMIZATION_LEVEL = 0;
				GCC_PREPROCESSOR_DEFINITIONS = (
					"DEBUG=1",
					"$(inherited)",
				);
				GCC_WARN_64_TO_32_BIT_CONVERSION = YES;
				GCC_WARN_ABOUT_RETURN_TYPE = YES_ERROR;
				GCC_WARN_UNDECLARED_SELECTOR = YES;
				GCC_WARN_UNINITIALIZED_AUTOS = YES_AGGRESSIVE;
				GCC_WARN_UNUSED_FUNCTION = YES;
				GCC_WARN_UNUSED_VARIABLE = YES;
				IPHONEOS_DEPLOYMENT_TARGET = 13.4;
				MTL_ENABLE_DEBUG_INFO = INCLUDE_SOURCE;
				MTL_FAST_MATH = YES;
				ONLY_ACTIVE_ARCH = YES;
				SDKROOT = iphoneos;
				SWIFT_ACTIVE_COMPILATION_CONDITIONS = DEBUG;
				SWIFT_OPTIMIZATION_LEVEL = "-Onone";
			};
			name = Debug;
		};
		7F9278C324A1113800E22D33 /* Release */ = {
			isa = XCBuildConfiguration;
			buildSettings = {
				ALWAYS_SEARCH_USER_PATHS = NO;
				CLANG_ANALYZER_NONNULL = YES;
				CLANG_ANALYZER_NUMBER_OBJECT_CONVERSION = YES_AGGRESSIVE;
				CLANG_CXX_LANGUAGE_STANDARD = "gnu++14";
				CLANG_CXX_LIBRARY = "libc++";
				CLANG_ENABLE_MODULES = YES;
				CLANG_ENABLE_OBJC_ARC = YES;
				CLANG_ENABLE_OBJC_WEAK = YES;
				CLANG_WARN_BLOCK_CAPTURE_AUTORELEASING = YES;
				CLANG_WARN_BOOL_CONVERSION = YES;
				CLANG_WARN_COMMA = YES;
				CLANG_WARN_CONSTANT_CONVERSION = YES;
				CLANG_WARN_DEPRECATED_OBJC_IMPLEMENTATIONS = YES;
				CLANG_WARN_DIRECT_OBJC_ISA_USAGE = YES_ERROR;
				CLANG_WARN_DOCUMENTATION_COMMENTS = YES;
				CLANG_WARN_EMPTY_BODY = YES;
				CLANG_WARN_ENUM_CONVERSION = YES;
				CLANG_WARN_INFINITE_RECURSION = YES;
				CLANG_WARN_INT_CONVERSION = YES;
				CLANG_WARN_NON_LITERAL_NULL_CONVERSION = YES;
				CLANG_WARN_OBJC_IMPLICIT_RETAIN_SELF = YES;
				CLANG_WARN_OBJC_LITERAL_CONVERSION = YES;
				CLANG_WARN_OBJC_ROOT_CLASS = YES_ERROR;
				CLANG_WARN_RANGE_LOOP_ANALYSIS = YES;
				CLANG_WARN_STRICT_PROTOTYPES = YES;
				CLANG_WARN_SUSPICIOUS_MOVE = YES;
				CLANG_WARN_UNGUARDED_AVAILABILITY = YES_AGGRESSIVE;
				CLANG_WARN_UNREACHABLE_CODE = YES;
				CLANG_WARN__DUPLICATE_METHOD_MATCH = YES;
				COPY_PHASE_STRIP = NO;
				DEBUG_INFORMATION_FORMAT = "dwarf-with-dsym";
				ENABLE_NS_ASSERTIONS = NO;
				ENABLE_STRICT_OBJC_MSGSEND = YES;
				GCC_C_LANGUAGE_STANDARD = gnu11;
				GCC_NO_COMMON_BLOCKS = YES;
				GCC_WARN_64_TO_32_BIT_CONVERSION = YES;
				GCC_WARN_ABOUT_RETURN_TYPE = YES_ERROR;
				GCC_WARN_UNDECLARED_SELECTOR = YES;
				GCC_WARN_UNINITIALIZED_AUTOS = YES_AGGRESSIVE;
				GCC_WARN_UNUSED_FUNCTION = YES;
				GCC_WARN_UNUSED_VARIABLE = YES;
				IPHONEOS_DEPLOYMENT_TARGET = 13.4;
				MTL_ENABLE_DEBUG_INFO = NO;
				MTL_FAST_MATH = YES;
				SDKROOT = iphoneos;
				SWIFT_COMPILATION_MODE = wholemodule;
				SWIFT_OPTIMIZATION_LEVEL = "-O";
				VALIDATE_PRODUCT = YES;
			};
			name = Release;
		};
		7F9278C524A1113800E22D33 /* Debug */ = {
			isa = XCBuildConfiguration;
			buildSettings = {
				ASSETCATALOG_COMPILER_APPICON_NAME = AppIcon;
				CODE_SIGN_STYLE = Automatic;
				DEVELOPMENT_TEAM = RY46L4DS7N;
				INFOPLIST_FILE = WMP34/Info.plist;
				LD_RUNPATH_SEARCH_PATHS = (
					"$(inherited)",
					"@executable_path/Frameworks",
				);
				PRODUCT_BUNDLE_IDENTIFIER = CasanovaStudios.WMP34;
				PRODUCT_NAME = "$(TARGET_NAME)";
				SWIFT_VERSION = 5.0;
				TARGETED_DEVICE_FAMILY = "1,2";
			};
			name = Debug;
		};
		7F9278C624A1113800E22D33 /* Release */ = {
			isa = XCBuildConfiguration;
			buildSettings = {
				ASSETCATALOG_COMPILER_APPICON_NAME = AppIcon;
				CODE_SIGN_STYLE = Automatic;
				DEVELOPMENT_TEAM = RY46L4DS7N;
				INFOPLIST_FILE = WMP34/Info.plist;
				LD_RUNPATH_SEARCH_PATHS = (
					"$(inherited)",
					"@executable_path/Frameworks",
				);
				PRODUCT_BUNDLE_IDENTIFIER = CasanovaStudios.WMP34;
				PRODUCT_NAME = "$(TARGET_NAME)";
				SWIFT_VERSION = 5.0;
				TARGETED_DEVICE_FAMILY = "1,2";
			};
			name = Release;
		};
		7F9278C824A1113800E22D33 /* Debug */ = {
			isa = XCBuildConfiguration;
			buildSettings = {
				ALWAYS_EMBED_SWIFT_STANDARD_LIBRARIES = YES;
				BUNDLE_LOADER = "$(TEST_HOST)";
				CODE_SIGN_STYLE = Automatic;
				DEVELOPMENT_TEAM = HL3XLM68NV;
				INFOPLIST_FILE = WMP34Tests/Info.plist;
				LD_RUNPATH_SEARCH_PATHS = (
					"$(inherited)",
					"@executable_path/Frameworks",
					"@loader_path/Frameworks",
				);
				PRODUCT_BUNDLE_IDENTIFIER = CasanovaStudios.WMP34Tests;
				PRODUCT_NAME = "$(TARGET_NAME)";
				SWIFT_VERSION = 5.0;
				TARGETED_DEVICE_FAMILY = "1,2";
				TEST_HOST = "$(BUILT_PRODUCTS_DIR)/WMP34.app/WMP34";
			};
			name = Debug;
		};
		7F9278C924A1113800E22D33 /* Release */ = {
			isa = XCBuildConfiguration;
			buildSettings = {
				ALWAYS_EMBED_SWIFT_STANDARD_LIBRARIES = YES;
				BUNDLE_LOADER = "$(TEST_HOST)";
				CODE_SIGN_STYLE = Automatic;
				DEVELOPMENT_TEAM = HL3XLM68NV;
				INFOPLIST_FILE = WMP34Tests/Info.plist;
				LD_RUNPATH_SEARCH_PATHS = (
					"$(inherited)",
					"@executable_path/Frameworks",
					"@loader_path/Frameworks",
				);
				PRODUCT_BUNDLE_IDENTIFIER = CasanovaStudios.WMP34Tests;
				PRODUCT_NAME = "$(TARGET_NAME)";
				SWIFT_VERSION = 5.0;
				TARGETED_DEVICE_FAMILY = "1,2";
				TEST_HOST = "$(BUILT_PRODUCTS_DIR)/WMP34.app/WMP34";
			};
			name = Release;
		};
		7F9278CB24A1113800E22D33 /* Debug */ = {
			isa = XCBuildConfiguration;
			buildSettings = {
				ALWAYS_EMBED_SWIFT_STANDARD_LIBRARIES = YES;
				CODE_SIGN_STYLE = Automatic;
				DEVELOPMENT_TEAM = HL3XLM68NV;
				INFOPLIST_FILE = WMP34UITests/Info.plist;
				LD_RUNPATH_SEARCH_PATHS = (
					"$(inherited)",
					"@executable_path/Frameworks",
					"@loader_path/Frameworks",
				);
				PRODUCT_BUNDLE_IDENTIFIER = CasanovaStudios.WMP34UITests;
				PRODUCT_NAME = "$(TARGET_NAME)";
				SWIFT_VERSION = 5.0;
				TARGETED_DEVICE_FAMILY = "1,2";
				TEST_TARGET_NAME = WMP34;
			};
			name = Debug;
		};
		7F9278CC24A1113800E22D33 /* Release */ = {
			isa = XCBuildConfiguration;
			buildSettings = {
				ALWAYS_EMBED_SWIFT_STANDARD_LIBRARIES = YES;
				CODE_SIGN_STYLE = Automatic;
				DEVELOPMENT_TEAM = HL3XLM68NV;
				INFOPLIST_FILE = WMP34UITests/Info.plist;
				LD_RUNPATH_SEARCH_PATHS = (
					"$(inherited)",
					"@executable_path/Frameworks",
					"@loader_path/Frameworks",
				);
				PRODUCT_BUNDLE_IDENTIFIER = CasanovaStudios.WMP34UITests;
				PRODUCT_NAME = "$(TARGET_NAME)";
				SWIFT_VERSION = 5.0;
				TARGETED_DEVICE_FAMILY = "1,2";
				TEST_TARGET_NAME = WMP34;
			};
			name = Release;
		};
/* End XCBuildConfiguration section */

/* Begin XCConfigurationList section */
		7F92789224A1113700E22D33 /* Build configuration list for PBXProject "WMP34" */ = {
			isa = XCConfigurationList;
			buildConfigurations = (
				7F9278C224A1113800E22D33 /* Debug */,
				7F9278C324A1113800E22D33 /* Release */,
			);
			defaultConfigurationIsVisible = 0;
			defaultConfigurationName = Release;
		};
		7F9278C424A1113800E22D33 /* Build configuration list for PBXNativeTarget "WMP34" */ = {
			isa = XCConfigurationList;
			buildConfigurations = (
				7F9278C524A1113800E22D33 /* Debug */,
				7F9278C624A1113800E22D33 /* Release */,
			);
			defaultConfigurationIsVisible = 0;
			defaultConfigurationName = Release;
		};
		7F9278C724A1113800E22D33 /* Build configuration list for PBXNativeTarget "WMP34Tests" */ = {
			isa = XCConfigurationList;
			buildConfigurations = (
				7F9278C824A1113800E22D33 /* Debug */,
				7F9278C924A1113800E22D33 /* Release */,
			);
			defaultConfigurationIsVisible = 0;
			defaultConfigurationName = Release;
		};
		7F9278CA24A1113800E22D33 /* Build configuration list for PBXNativeTarget "WMP34UITests" */ = {
			isa = XCConfigurationList;
			buildConfigurations = (
				7F9278CB24A1113800E22D33 /* Debug */,
				7F9278CC24A1113800E22D33 /* Release */,
			);
			defaultConfigurationIsVisible = 0;
			defaultConfigurationName = Release;
		};
/* End XCConfigurationList section */

/* Begin XCVersionGroup section */
		7F9278A324A1113800E22D33 /* WMP34.xcdatamodeld */ = {
			isa = XCVersionGroup;
			children = (
				7F9278A424A1113800E22D33 /* WMP34.xcdatamodel */,
			);
			currentVersion = 7F9278A424A1113800E22D33 /* WMP34.xcdatamodel */;
			path = WMP34.xcdatamodeld;
			sourceTree = "<group>";
			versionGroupType = wrapper.xcdatamodel;
		};
/* End XCVersionGroup section */
	};
	rootObject = 7F92788F24A1113700E22D33 /* Project object */;
}
